
Microsoft Visual Studio Solution File, Format Version 12.00
# Visual Studio 15
VisualStudioVersion = 15.0.27428.2002
MinimumVisualStudioVersion = 10.0.40219.1
Project("{FAE04EC0-301F-11D3-BF4B-00C04F79EFBC}") = "TravellingSalesmanProblem", "TravellingSalesmanProblem\TravellingSalesmanProblem.csproj", "{CA0376B1-7F35-4EF7-B050-0E92BCE5DE77}"
EndProject
Project("{9A19103F-16F7-4668-BE54-9A1E7A4F7556}") = "GraphLibrary", "GraphLibrary\GraphLibrary.csproj", "{0F2FB15B-884A-4698-A81E-B752320D8F7E}"
EndProject
Global
	GlobalSection(SolutionConfigurationPlatforms) = preSolution
		Debug|Any CPU = Debug|Any CPU
		Release|Any CPU = Release|Any CPU
	EndGlobalSection
	GlobalSection(ProjectConfigurationPlatforms) = postSolution
		{CA0376B1-7F35-4EF7-B050-0E92BCE5DE77}.Debug|Any CPU.ActiveCfg = Debug|Any CPU
		{CA0376B1-7F35-4EF7-B050-0E92BCE5DE77}.Debug|Any CPU.Build.0 = Debug|Any CPU
		{CA0376B1-7F35-4EF7-B050-0E92BCE5DE77}.Release|Any CPU.ActiveCfg = Release|Any CPU
		{CA0376B1-7F35-4EF7-B050-0E92BCE5DE77}.Release|Any CPU.Build.0 = Release|Any CPU
		{0F2FB15B-884A-4698-A81E-B752320D8F7E}.Debug|Any CPU.ActiveCfg = Debug|Any CPU
		{0F2FB15B-884A-4698-A81E-B752320D8F7E}.Debug|Any CPU.Build.0 = Debug|Any CPU
		{0F2FB15B-884A-4698-A81E-B752320D8F7E}.Release|Any CPU.ActiveCfg = Release|Any CPU
		{0F2FB15B-884A-4698-A81E-B752320D8F7E}.Release|Any CPU.Build.0 = Release|Any CPU
	EndGlobalSection
	GlobalSection(SolutionProperties) = preSolution
		HideSolutionNode = FALSE
	EndGlobalSection
	GlobalSection(ExtensibilityGlobals) = postSolution
		SolutionGuid = {005FB5ED-5248-4E65-9653-74B09A6B7CA2}
	EndGlobalSection
EndGlobal
